{
  "projects": [
    {
      "projectId": "8EDHeoSc4qV4UnBikFWyHT",
      "version": "latest",
      "dependencies": {},
      "lang": "ts",
      "fileLocks": [
        {
          "type": "globalVariant",
          "assetId": "Eb1c4W44vP2jBTY",
          "checksum": "c85a14c47361927d3a84189a53b0cf92"
        },
        {
          "type": "renderModule",
          "assetId": "CBJPzzI_h1xr",
          "checksum": "a360630bb21b819ef1e1e4e2be78ad46"
        },
        {
          "type": "cssRules",
          "assetId": "CBJPzzI_h1xr",
          "checksum": "a360630bb21b819ef1e1e4e2be78ad46"
        },
        {
          "type": "renderModule",
          "assetId": "GDDUmvHddZAq4",
          "checksum": "fd5c639284ef8aa253cec3213e6615af"
        },
        {
          "type": "cssRules",
          "assetId": "GDDUmvHddZAq4",
          "checksum": "fd5c639284ef8aa253cec3213e6615af"
        },
        {
          "type": "renderModule",
          "assetId": "9M7t0j8bdRZ4S",
          "checksum": "8e569c04c0939761777f8f3d3f779cb3"
        },
        {
          "type": "cssRules",
          "assetId": "9M7t0j8bdRZ4S",
          "checksum": "8e569c04c0939761777f8f3d3f779cb3"
        },
        {
          "type": "renderModule",
          "assetId": "gXe0YDfDViP5J",
          "checksum": "5b4a00e8ccec8f7c449c60667381eb1e"
        },
        {
          "type": "cssRules",
          "assetId": "gXe0YDfDViP5J",
          "checksum": "5b4a00e8ccec8f7c449c60667381eb1e"
        },
        {
          "type": "renderModule",
          "assetId": "qt6UjApPqTJkdN",
          "checksum": "124022759ee16b6b9f26aad090fa28de"
        },
        {
          "type": "cssRules",
          "assetId": "qt6UjApPqTJkdN",
          "checksum": "124022759ee16b6b9f26aad090fa28de"
        },
        {
          "type": "renderModule",
          "assetId": "DDUUNTT7UR5vp9",
          "checksum": "78f03a8f060ecb8d28ee0f5eeaab2471"
        },
        {
          "type": "cssRules",
          "assetId": "DDUUNTT7UR5vp9",
          "checksum": "78f03a8f060ecb8d28ee0f5eeaab2471"
        },
        {
          "type": "renderModule",
          "assetId": "FO77D1slIpEwby",
          "checksum": "583ad82262576ae2b64e647e23519a50"
        },
        {
          "type": "cssRules",
          "assetId": "FO77D1slIpEwby",
          "checksum": "583ad82262576ae2b64e647e23519a50"
        },
        {
          "type": "renderModule",
          "assetId": "GthAI3RieBaFkZ3",
          "checksum": "8b94dad2b61a93d92b0e7cdbeebab5db"
        },
        {
          "type": "cssRules",
          "assetId": "GthAI3RieBaFkZ3",
          "checksum": "8b94dad2b61a93d92b0e7cdbeebab5db"
        },
        {
          "type": "renderModule",
          "assetId": "6Tam-StMvGcGNft",
          "checksum": "e8ea7a3a8b56db4097df9be4068efea0"
        },
        {
          "type": "cssRules",
          "assetId": "6Tam-StMvGcGNft",
          "checksum": "e8ea7a3a8b56db4097df9be4068efea0"
        },
        {
          "type": "renderModule",
          "assetId": "6KYnJOqrCh-F712",
          "checksum": "e29f31d79f02560fd98d8fb516c788d6"
        },
        {
          "type": "cssRules",
          "assetId": "6KYnJOqrCh-F712",
          "checksum": "e29f31d79f02560fd98d8fb516c788d6"
        },
        {
          "type": "renderModule",
          "assetId": "FaEkFDeEuXo3Hko",
          "checksum": "45036385d1e10000d520071549b9c196"
        },
        {
          "type": "cssRules",
          "assetId": "FaEkFDeEuXo3Hko",
          "checksum": "45036385d1e10000d520071549b9c196"
        },
        {
          "type": "renderModule",
          "assetId": "VziSSrlhKD5bawa",
          "checksum": "f71c0c6b5a467b62db57c2f80698e256"
        },
        {
          "type": "cssRules",
          "assetId": "VziSSrlhKD5bawa",
          "checksum": "f71c0c6b5a467b62db57c2f80698e256"
        },
        {
          "type": "renderModule",
          "assetId": "Y6h81ex_og1nA1-",
          "checksum": "c94864beee5730e5898c60c1de440ce4"
        },
        {
          "type": "cssRules",
          "assetId": "Y6h81ex_og1nA1-",
          "checksum": "c94864beee5730e5898c60c1de440ce4"
        },
        {
          "type": "renderModule",
          "assetId": "oRYFpcMkPh8Gx5Y",
          "checksum": "27a47a72dd0f2363a541407fbc94a242"
        },
        {
          "type": "cssRules",
          "assetId": "oRYFpcMkPh8Gx5Y",
          "checksum": "27a47a72dd0f2363a541407fbc94a242"
        },
        {
          "type": "renderModule",
          "assetId": "796xBC7XdnasF89",
          "checksum": "a2855d2656b93f3abf7440f3674092fb"
        },
        {
          "type": "cssRules",
          "assetId": "796xBC7XdnasF89",
          "checksum": "a2855d2656b93f3abf7440f3674092fb"
        },
        {
          "type": "renderModule",
          "assetId": "NktNSwx4TZMAA_F",
          "checksum": "90c567f8109452fa62ef49e3bcba44f3"
        },
        {
          "type": "cssRules",
          "assetId": "NktNSwx4TZMAA_F",
          "checksum": "90c567f8109452fa62ef49e3bcba44f3"
        },
        {
          "type": "renderModule",
          "assetId": "2y4NtcMbSRdo5eV",
          "checksum": "59e5ace84b22678ed8045dfb6697cca1"
        },
        {
          "type": "cssRules",
          "assetId": "2y4NtcMbSRdo5eV",
          "checksum": "59e5ace84b22678ed8045dfb6697cca1"
        },
        {
          "type": "renderModule",
          "assetId": "NxVk5S0PEKebyKb",
          "checksum": "f795ff45d2ed149c25e609b933077f19"
        },
        {
          "type": "cssRules",
          "assetId": "NxVk5S0PEKebyKb",
          "checksum": "f795ff45d2ed149c25e609b933077f19"
        },
        {
          "type": "renderModule",
          "assetId": "eF4NWpQgcn5QqkT",
          "checksum": "1089c73a065b7e883b8fedd1f9dadaed"
        },
        {
          "type": "cssRules",
          "assetId": "eF4NWpQgcn5QqkT",
          "checksum": "1089c73a065b7e883b8fedd1f9dadaed"
        },
        {
          "type": "renderModule",
          "assetId": "3WVjthEJh54fw4F",
          "checksum": "14b308eb485d5e954aa942caf0646d38"
        },
        {
          "type": "cssRules",
          "assetId": "3WVjthEJh54fw4F",
          "checksum": "14b308eb485d5e954aa942caf0646d38"
        },
        {
          "type": "renderModule",
          "assetId": "NED9CO3jugeeHna",
          "checksum": "205f61b880196033339ae682091c9527"
        },
        {
          "type": "cssRules",
          "assetId": "NED9CO3jugeeHna",
          "checksum": "205f61b880196033339ae682091c9527"
        },
        {
          "type": "renderModule",
          "assetId": "nfsKTlIOc5LDlze",
          "checksum": "28f598b144b660887aa10e28f5e856df"
        },
        {
          "type": "cssRules",
          "assetId": "nfsKTlIOc5LDlze",
          "checksum": "28f598b144b660887aa10e28f5e856df"
        },
        {
          "type": "renderModule",
          "assetId": "n5CGdqB0PbBsQmF",
          "checksum": "4366af438f2fbc3a5bd5f1801a73d6aa"
        },
        {
          "type": "cssRules",
          "assetId": "n5CGdqB0PbBsQmF",
          "checksum": "4366af438f2fbc3a5bd5f1801a73d6aa"
        },
        {
          "type": "renderModule",
          "assetId": "V_sIPVFjFQbgAvP",
          "checksum": "7e2d4536f5b2bbb6647f448713e2c091"
        },
        {
          "type": "cssRules",
          "assetId": "V_sIPVFjFQbgAvP",
          "checksum": "7e2d4536f5b2bbb6647f448713e2c091"
        },
        {
          "type": "renderModule",
          "assetId": "mOD_NLwQ1aU_ugs",
          "checksum": "651552363facd8e8cfc659251d89707c"
        },
        {
          "type": "cssRules",
          "assetId": "mOD_NLwQ1aU_ugs",
          "checksum": "651552363facd8e8cfc659251d89707c"
        },
        {
          "type": "icon",
          "assetId": "kAQuG3tnfExqhKU",
          "checksum": "dd8b79b8fffb0fe9b6ff4c542930f888"
        },
        {
          "type": "icon",
          "assetId": "k8uQsQcnp1I77Rh",
          "checksum": "8cf4ed86daacddafee5972fca89a001a"
        },
        {
          "type": "icon",
          "assetId": "bHTq8WEFgIGSRan",
          "checksum": "72476a5a4cc5d84b77bda2d0688b7ee4"
        },
        {
          "type": "icon",
          "assetId": "2Ip6Ezz72DjZvJ3",
          "checksum": "c64fc611b6c73e23eb1efb33f1c1590f"
        },
        {
          "type": "icon",
          "assetId": "S_ED8RmhRFiYqLT",
          "checksum": "8429e33029cb156b76df4e20190b092e"
        },
        {
          "type": "icon",
          "assetId": "R2-SRRN8R0S1g5b",
          "checksum": "98f5d9d540891ce22c631829dd668f85"
        },
        {
          "type": "icon",
          "assetId": "W3FvqBoEK1AVCMJ",
          "checksum": "67e9db564cc35560a1d09931084e0540"
        },
        {
          "type": "icon",
          "assetId": "p0a7WVGURkM92TR",
          "checksum": "44d7cedd6e8ac90eb6554f9f91a6b327"
        },
        {
          "type": "icon",
          "assetId": "Qi4cm7ve2N8T9Q4",
          "checksum": "53c1a1d93b4ef5fb258a541c784524a2"
        },
        {
          "type": "icon",
          "assetId": "a5JNlrkWf6nKgpU",
          "checksum": "d087e84564374371883bc35b6f9cab63"
        },
        {
          "type": "icon",
          "assetId": "c0nXeINpnBQqyBH",
          "checksum": "b57eb7dec5ae035b1a8007342328b394"
        },
        {
          "type": "icon",
          "assetId": "SuAFQWw2W00TTJD",
          "checksum": "2cdf3ef53dd0bea1fc4c0a36d60a8d99"
        },
        {
          "type": "icon",
          "assetId": "G8sQjVFUSTmo1o3",
          "checksum": "a5440693f9ac8da9e7bc92dce9e3a2b3"
        },
        {
          "type": "icon",
          "assetId": "3Mcv1oSn-cLWDhA",
          "checksum": "a3e485872f7f12f46654de433d98613d"
        },
        {
          "type": "image",
          "assetId": "AXBF5OOTNZIzHmI",
          "checksum": "87dfe11f17434370a90b6d7b1a78a83b"
        },
        {
          "type": "image",
          "assetId": "jk7eLGt4_9-z16S",
          "checksum": "5912fd6665743726c9f02b2234a6258f"
        },
        {
          "type": "image",
          "assetId": "p-M2GJnE0x9P19g",
          "checksum": "ded6d03a586cd6588f69730868e949d0"
        },
        {
          "type": "image",
          "assetId": "0aVhLuYvsubOdg3",
          "checksum": "9ed19fcbc9b389d1acb2aa3ad19cdcd8"
        },
        {
          "type": "image",
          "assetId": "wVmVz7kwHuXU4xg",
          "checksum": "3a0754955927a571e88869e3549d6f15"
        },
        {
          "type": "image",
          "assetId": "oX-FtqgL65AoJ_3",
          "checksum": "829ed181185337fe23414984ac9f89e1"
        },
        {
          "type": "image",
          "assetId": "C21ln99HDRhUkdD",
          "checksum": "e6176bb34ee3af26c07c24b04c454fc3"
        },
        {
          "type": "image",
          "assetId": "0JGeA9wiqQzzAJw",
          "checksum": "2a5c6ff269d9fd6512bdc8868978e933"
        },
        {
          "type": "image",
          "assetId": "mpaNZmxN8Cjlbtp",
          "checksum": "10c50e43899c89ec3a05bde17dbbebb5"
        },
        {
          "type": "image",
          "assetId": "03T4F45TH2NVYgF",
          "checksum": "1feb943ec654c35b93375941a84efd1d"
        },
        {
          "type": "image",
          "assetId": "QYLNJNuMUXLYUU9",
          "checksum": "ab7b56cdb2005e9799af0885c50b5f6d"
        },
        {
          "type": "image",
          "assetId": "7g78JyL0VsdOot5",
          "checksum": "8307f2dd048d884c6067832614a65ae0"
        },
        {
          "type": "image",
          "assetId": "E8nQ9cZoHSgHTUf",
          "checksum": "73027a5027dcc6b458c68bc997388532"
        },
        {
          "type": "image",
          "assetId": "Gh3mSzulKX9fXNP",
          "checksum": "a477da46d5c64d41fe716172b629c448"
        },
        {
          "type": "image",
          "assetId": "qDd0IZStoUKetuM",
          "checksum": "aa4aa3545f1d04b6b7e5e73cf152016a"
        },
        {
          "type": "image",
          "assetId": "f7wfeSCokC-432N",
          "checksum": "35651efcdb87998727d8fe3d657143c0"
        },
        {
          "type": "image",
          "assetId": "tpHwy9GFJveoe6Y",
          "checksum": "9c6a2db2316dc6d165b96f0ce586b613"
        },
        {
          "type": "image",
          "assetId": "mUbdrZzD-YgB9vv",
          "checksum": "62e88a586b3f7c64c4769c3274b76af6"
        },
        {
          "type": "image",
          "assetId": "e_qt00-RYdQwZ10",
          "checksum": "ffcf620aeee9bc75b5cbb258e68ea3cd"
        },
        {
          "type": "image",
          "assetId": "FfRqFCa12lCP2zz",
          "checksum": "df3611885b3f4a1653c1a5bb6b2abb6f"
        },
        {
          "type": "image",
          "assetId": "lkj4u6mjuW1qUm0",
          "checksum": "6debaaf658a5cf0631d17c9ef261ad4f"
        },
        {
          "type": "image",
          "assetId": "ukURMhgo73F3dBJ",
          "checksum": "206a9d98462f374c793923a262dba532"
        },
        {
          "type": "image",
          "assetId": "kmFF-83SC80dP8X",
          "checksum": "93d69f52973abd8d77c4a26c172a8130"
        },
        {
          "type": "image",
          "assetId": "SbWvvXa_m9MravF",
          "checksum": "fda86181fa4718bdd02ce077aa6543c5"
        },
        {
          "type": "image",
          "assetId": "SMP9IFHsW4dVuEs",
          "checksum": "95ec4ed621f2f4fede6adc8f93913980"
        },
        {
          "type": "image",
          "assetId": "kWMHcWHoCdeeluN",
          "checksum": "7abc9cd67cf106b59a00ee3c16f8b77e"
        },
        {
          "type": "image",
          "assetId": "xPKQ5X3A6iC1LjT",
          "checksum": "7aa1c4e5475aafc3aa31876c5a9e2a4c"
        },
        {
          "type": "image",
          "assetId": "GX6AzXI0M5Lo993",
          "checksum": "92cd8f0f75e11768db813242cb33d2da"
        },
        {
          "type": "image",
          "assetId": "PLPuBSj3ZAG1hKs",
          "checksum": "cf461a4fab0ac30c82fef72f621929ef"
        },
        {
          "type": "image",
          "assetId": "i2TLPDtlsTEA4Pe",
          "checksum": "dd33f8b4fffed09796ace72037602b28"
        },
        {
          "type": "image",
          "assetId": "MW_a-Otak-5Esk9",
          "checksum": "f115e874aeca64316cbc02fc87da7227"
        },
        {
          "type": "image",
          "assetId": "YCruqG_LOXQvrn9",
          "checksum": "d960889700b9b5ba33c954ecc8a87480"
        },
        {
          "type": "image",
          "assetId": "Wj3Mjc6wFc40xUs",
          "checksum": "3248b702d3240aebc1a6ef8d2758e019"
        },
        {
          "type": "image",
          "assetId": "sV4Vuxo6jfpUuJE",
          "checksum": "4a0bf7b768cee604cd44803550be203a"
        },
        {
          "type": "image",
          "assetId": "jnb2pcRRvF3lQm0",
          "checksum": "77147cfa1f05ae03813a171b4a42f8ad"
        },
        {
          "type": "image",
          "assetId": "OozubYsJchZBBYp",
          "checksum": "e9d397402a193ef8d0971b06d36bc679"
        },
        {
          "type": "image",
          "assetId": "HSxaJhU9lg5EAZb",
          "checksum": "bc7d6ab3b59aa6a4d18a843093eac0e1"
        },
        {
          "type": "image",
          "assetId": "djcg1sEb2hW9q4z",
          "checksum": "4ea014e9998956c02c8b75673d3bd5bc"
        },
        {
          "type": "image",
          "assetId": "-wlv5w0yFq2WSfS",
          "checksum": "ffc890888568eb9e13421eb4444acafc"
        },
        {
          "type": "image",
          "assetId": "Pw-LgxwHoP23REE",
          "checksum": "2889488b8c4b31b620b7f4d7417af5ce"
        },
        {
          "type": "image",
          "assetId": "zuEg9jrKOA5uGL6",
          "checksum": "b9e93eb216eb73326c8859a25344ff5e"
        },
        {
          "type": "image",
          "assetId": "cwsFxjzrc0lRww8",
          "checksum": "d1336f961bd9fecb5dc29f69ad8fe536"
        },
        {
          "type": "image",
          "assetId": "5tcT-OEkPFA1Fpa",
          "checksum": "e2a423dd33a321b68aa61c8de5727145"
        },
        {
          "type": "image",
          "assetId": "FWN0tJLSAGl4E8m",
          "checksum": "3a7e8a7d772b2e105c3dd0e1fa8ca93f"
        },
        {
          "type": "image",
          "assetId": "ww3F0UjqpW2JCpx",
          "checksum": "2d3ac3860cf456a76c3e9a2828238931"
        },
        {
          "type": "image",
          "assetId": "skyvHkLyIFRx-GZ",
          "checksum": "d2f99b6aab5afd5e9972ef285b1d6d6d"
        },
        {
          "type": "image",
          "assetId": "-v3Ad2pjitb6Cqv",
          "checksum": "78238d175d95037260f04eb383991e4f"
        },
        {
          "type": "image",
          "assetId": "4umFBGzzHbe1boO",
          "checksum": "2f8c6084b987c9f11d21392838a07a2c"
        },
        {
          "type": "image",
          "assetId": "bg64u141ODptR4M",
          "checksum": "6be9f3d3eb68e4c7c22feb600292ade2"
        },
        {
          "type": "image",
          "assetId": "CtOflfzgGhbjIdp",
          "checksum": "afbabc52b9922e7765796f513ecd87d4"
        },
        {
          "type": "image",
          "assetId": "PgNRl2mXnQglNrh",
          "checksum": "2e0280fbcfabd4f4a5a7ca921335f09c"
        },
        {
          "type": "image",
          "assetId": "RFEst31qQmkv4SQ",
          "checksum": "fa60b7e5a4b95f6413bd68da1a437f77"
        },
        {
          "type": "image",
          "assetId": "jV2UxupMEmeLl8r",
          "checksum": "15e1985ae4630865f36e0427adc91680"
        },
        {
          "type": "image",
          "assetId": "-Sp_DfxGQ9xPz2-",
          "checksum": "9f7c08cae962f9c2929e2c6edd7b5beb"
        },
        {
          "type": "image",
          "assetId": "l0rn3PkwCcDE0ir",
          "checksum": "436b0a80fd8f0e4ce92b2b70e7651726"
        },
        {
          "type": "image",
          "assetId": "fWi0nSvE7XGBkg1",
          "checksum": "0ea64bd783b89bbc51d0feb5cd8f98d3"
        },
        {
          "type": "image",
          "assetId": "y2qwSzwzdtVnuRS",
          "checksum": "d85854e045abeb07651a7ba2f7b0ac90"
        },
        {
          "type": "image",
          "assetId": "9vMm84_kh3SaqL2",
          "checksum": "ea0ff83c560566e6c882d902d14a5c0d"
        },
        {
          "type": "image",
          "assetId": "9CfnmxFMzVJR-YX",
          "checksum": "5656009d685d9f9d58ec2b19b5363401"
        },
        {
          "type": "image",
          "assetId": "ddiEyrwb5sE5qGw",
          "checksum": "9c06c8d716be66851004cf36183dbb4e"
        },
        {
          "type": "image",
          "assetId": "i8h5F7T21--D9f8",
          "checksum": "75c0c67b8f32a55ff671e99c9d9c28f5"
        },
        {
          "type": "image",
          "assetId": "jnVPTE5_LxrBVPO",
          "checksum": "10e65797b8a8443a4cbe4b8221fbdcac"
        },
        {
          "type": "image",
          "assetId": "OO1BG_GHtJmFIuu",
          "checksum": "fac97b519075dd49d0c85fdedc55b79e"
        },
        {
          "type": "image",
          "assetId": "e82h0WSPWffK8yT",
          "checksum": "9755691132b5ee317bc2daa0c8a1d828"
        },
        {
          "type": "image",
          "assetId": "sXSg8ZEUKFknbqu",
          "checksum": "9d67397903bcbab66778a01afc291a10"
        },
        {
          "type": "image",
          "assetId": "aKvpTARF2UH02aW",
          "checksum": "ac3e412d11cec69d18742995edc90831"
        },
        {
          "type": "image",
          "assetId": "ofn6DAtOq98b6v6",
          "checksum": "c3941854279575e69174ba990f902efb"
        },
        {
          "type": "image",
          "assetId": "NkSwpNLAAXFv6jP",
          "checksum": "6e464ed31bd1e315c3a49c3954d8b4ee"
        },
        {
          "type": "image",
          "assetId": "iuu0b_AuXo0iZ2f",
          "checksum": "1c5d22b67c907a7022e30b373a45ccde"
        },
        {
          "type": "image",
          "assetId": "MvL1olP6CgjO9Vi",
          "checksum": "7011b8304457c37710ee0604300e5cf6"
        },
        {
          "type": "image",
          "assetId": "AjXi--Xe9DEb3Ib",
          "checksum": "fe4c3eb589e99883bd4588e118f73920"
        },
        {
          "type": "image",
          "assetId": "PXXPOMpFTzjet7V",
          "checksum": "deb7a2b233abb7f0b06e14f34f3a26d9"
        },
        {
          "type": "image",
          "assetId": "6_fj4nkMNliMvt7",
          "checksum": "63e533f932bc5375188b2f251484e989"
        },
        {
          "type": "image",
          "assetId": "caUKRJ6ubakX_ai",
          "checksum": "489463ab42ef63db57f2c1427f16eaba"
        },
        {
          "type": "image",
          "assetId": "KXECXV0il8Cvotd",
          "checksum": "92e2fe6047aae21c942356ca3575d70e"
        },
        {
          "type": "image",
          "assetId": "9JR8KZVe-LiZjii",
          "checksum": "163e7e844aa1ba07945964f7c673db11"
        },
        {
          "type": "image",
          "assetId": "9YejG7U3rz1vPGL",
          "checksum": "6ad0826381827bd9a3149d5222dd5475"
        },
        {
          "type": "image",
          "assetId": "aSslvr9HP0KHeHG",
          "checksum": "ae72317901d48565077ad757102e46ee"
        },
        {
          "type": "image",
          "assetId": "NKqbw-9HTktKIrX",
          "checksum": "b66e31682774170742b2fe319e9782b0"
        },
        {
          "type": "image",
          "assetId": "jFiTi--UO57Ji7G",
          "checksum": "cdcf5955e11a6e4a0bf413807594b48e"
        },
        {
          "type": "image",
          "assetId": "39NsqaqZ3NYNf5N",
          "checksum": "1208c8d8e021345c4046733faf2c09f1"
        },
        {
          "type": "image",
          "assetId": "o35_bDz_2UA3TJq",
          "checksum": "7d88c3fe068b5415afbeed773eab0c97"
        },
        {
          "type": "image",
          "assetId": "A9hIYaPtJTuu9e0",
          "checksum": "85afe80b728c1f249f3703bd0cdf74f7"
        },
        {
          "type": "image",
          "assetId": "Uj00TWR6Nr1vW7E",
          "checksum": "c841a7fe85f914270252c671672ee8ba"
        },
        {
          "type": "image",
          "assetId": "gZdfPyNCkt7W6L-",
          "checksum": "8e435ed2b82672eae9a645d0a899c8ea"
        },
        {
          "type": "image",
          "assetId": "Rgg3sUb5hsW5kcL",
          "checksum": "cd205d124521c78aebc6fb9bc2827c09"
        },
        {
          "type": "image",
          "assetId": "gW_eLjtuHmo5CB9",
          "checksum": "2d315d279dbd475cbc903d414b4ee093"
        },
        {
          "type": "image",
          "assetId": "tT2Awgk60GWXcXj",
          "checksum": "b8e5ad832f779ee768d23c2beacebbc1"
        },
        {
          "type": "image",
          "assetId": "Xr-UVVC5HpulNcf",
          "checksum": "01fa93e57fdef7f9f7ac6ff76b7bf70b"
        },
        {
          "type": "image",
          "assetId": "VAICQ2EOYLHno8c",
          "checksum": "00d33c6a5bd00a904735bc76bfc0e0c3"
        },
        {
          "type": "image",
          "assetId": "ET-p5m74ancivlB",
          "checksum": "225c2e9cff49ad05e80eb15088af2e83"
        },
        {
          "type": "image",
          "assetId": "7xFQVNeODmiiI7u",
          "checksum": "20952344455cd136db80244e93235916"
        },
        {
          "type": "image",
          "assetId": "vBdC44nyrL25NR2",
          "checksum": "0783bfc87ca2b5449c026bcc6cacd0d1"
        },
        {
          "type": "image",
          "assetId": "HOyrTJ-B1C2QAPO",
          "checksum": "ec20b9d6b759ab0fcfa6130a83da6ff9"
        },
        {
          "type": "image",
          "assetId": "1JmXdRJjw4y-jA_",
          "checksum": "a06492d2c845ed61b2c0b6aee6f1663d"
        },
        {
          "type": "image",
          "assetId": "qU1_WWqfD66PlZn",
          "checksum": "62030c1ff89e964f1086185972520553"
        },
        {
          "type": "image",
          "assetId": "x2QF8CsCuRT1hSo",
          "checksum": "b1c2f326b4f05e772bf372ffcae4e75b"
        },
        {
          "type": "image",
          "assetId": "Na1C87LKDfu5wC7",
          "checksum": "e4af16aaec3406711fd10d62b328b61f"
        },
        {
          "type": "image",
          "assetId": "AlZhomDfaggJIEi",
          "checksum": "807e9b0b7b6e5e5efbb5fd768736a4fb"
        },
        {
          "type": "image",
          "assetId": "uhG4YZwybDKIp8i",
          "checksum": "efb4b0f6dc7ea7c0e327776287793236"
        },
        {
          "type": "image",
          "assetId": "vhVKMvd5DRIRuab",
          "checksum": "3743aa3ae9cac119e74baa384b97bc4b"
        },
        {
          "type": "image",
          "assetId": "ZI1XWt9TeLDWME8",
          "checksum": "462c979abf4d30d12a064ff186ff8d3d"
        },
        {
          "type": "image",
          "assetId": "NMzgZWxLNZ6QCxc",
          "checksum": "1a3268040c5892639e500738e437b269"
        },
        {
          "type": "image",
          "assetId": "PjIdb277w3Dv2Uj",
          "checksum": "4141fb965b331e9839b1c2ef65861c34"
        },
        {
          "type": "image",
          "assetId": "0B7vtIUuN5RjGZl",
          "checksum": "db2b21bbb9c147f3f3b7cc5d34819bc2"
        },
        {
          "type": "image",
          "assetId": "wXQeUyuATjVmJas",
          "checksum": "397063da9f50c28db6e87a1dd87087f8"
        },
        {
          "type": "image",
          "assetId": "V0nXIDM9DuqAvQ8",
          "checksum": "1314c414d5750314958856a20764e243"
        },
        {
          "type": "image",
          "assetId": "HLGI0hUHn5iLRYl",
          "checksum": "0789d307eb8676c5eb67cb41822cddf1"
        },
        {
          "type": "image",
          "assetId": "P8B-ET-MhSYBIjC",
          "checksum": "2b17307bb3d21cd2a712bcaa39b23aff"
        },
        {
          "type": "image",
          "assetId": "bfMtKSUEdUIfiwx",
          "checksum": "c2ffa6d2082c598bc027f67ca0b251d6"
        },
        {
          "type": "image",
          "assetId": "0q48j9K8MFTPcvx",
          "checksum": "3ae1604b82bb8b0be26782e22eca936e"
        },
        {
          "type": "image",
          "assetId": "gRIfYKqtFYwWbLK",
          "checksum": "130018fd368613ef0e973f4e2e9a5bf5"
        },
        {
          "type": "image",
          "assetId": "EYgpdYvw3KWwp4a",
          "checksum": "b8f9debb6f716887de05bb911ea43392"
        },
        {
          "type": "image",
          "assetId": "eAvUPVG0rjI8mMX",
          "checksum": "fb63819f5dd4a01aaf29c9e95e6527db"
        },
        {
          "type": "image",
          "assetId": "qUDEBW6IiKkqURQ",
          "checksum": "864b72b42e593429275f520c2a459649"
        },
        {
          "type": "image",
          "assetId": "QewVSHie8qKw269",
          "checksum": "5ddc7d9728a4495f21445f00d81db1be"
        },
        {
          "type": "image",
          "assetId": "oQv0I6fw_fZBOD3",
          "checksum": "a10c9254992386dfcfabff72a0f2648c"
        },
        {
          "type": "image",
          "assetId": "YeE2WiO5DBm4mA4",
          "checksum": "e1d3f0b9bae537f407347161179b99bc"
        },
        {
          "type": "image",
          "assetId": "WHX682S3hPUy4G0",
          "checksum": "ecbe28bdccd857974d1555af39b215c3"
        },
        {
          "type": "image",
          "assetId": "KGz6WiTHhQkF8To",
          "checksum": "90f0ead89469c431e3fc1dd32e2bb9ae"
        },
        {
          "type": "image",
          "assetId": "NE5-vrGf5zyiyxh",
          "checksum": "0a546dad3ec17dc4677da702dd86a359"
        },
        {
          "type": "image",
          "assetId": "G9WpDVxLNjYxQSC",
          "checksum": "96800b0b8e48586ac1665949dc890191"
        },
        {
          "assetId": "8EDHeoSc4qV4UnBikFWyHT",
          "type": "projectCss",
          "checksum": "25834173da554d3f5af8a21d7eab090f"
        }
      ],
      "codegenVersion": "0.0.1"
    }
  ],
  "cliVersion": "0.1.217"
}
